
Microsoft Visual Studio Solution File, Format Version 12.00
# Visual Studio Version 17
VisualStudioVersion = 17.3.32819.101
MinimumVisualStudioVersion = 10.0.40219.1
Project("{FAE04EC0-301F-11D3-BF4B-00C04F79EFBC}") = "GPortal", "GPortal\GPortal.csproj", "{E536453B-1CA8-4867-96E4-51B1F9AC0451}"
EndProject
Global
	GlobalSection(SolutionConfigurationPlatforms) = preSolution
		Debug|Any CPU = Debug|Any CPU
		Release|Any CPU = Release|Any CPU
	EndGlobalSection
	GlobalSection(ProjectConfigurationPlatforms) = postSolution
		{E536453B-1CA8-4867-96E4-51B1F9AC0451}.Debug|Any CPU.ActiveCfg = Debug|Any CPU
		{E536453B-1CA8-4867-96E4-51B1F9AC0451}.Debug|Any CPU.Build.0 = Debug|Any CPU
		{E536453B-1CA8-4867-96E4-51B1F9AC0451}.Release|Any CPU.ActiveCfg = Release|Any CPU
		{E536453B-1CA8-4867-96E4-51B1F9AC0451}.Release|Any CPU.Build.0 = Release|Any CPU
	EndGlobalSection
	GlobalSection(SolutionProperties) = preSolution
		HideSolutionNode = FALSE
	EndGlobalSection
	GlobalSection(ExtensibilityGlobals) = postSolution
		SolutionGuid = {C6594DFF-E11E-4006-98DA-59D24E32A879}
	EndGlobalSection
EndGlobal
